
Microsoft Visual Studio Solution File, Format Version 12.00
# Visual Studio Version 16
VisualStudioVersion = 16.0.30413.136
MinimumVisualStudioVersion = 10.0.40219.1
Project("{FAE04EC0-301F-11D3-BF4B-00C04F79EFBC}") = "ElementoMayor_Matrices", "ElementoMayor_Matrices\ElementoMayor_Matrices.csproj", "{6B9B26F1-260E-4056-A23C-06CFC24278AD}"
EndProject
Global
	GlobalSection(SolutionConfigurationPlatforms) = preSolution
		Debug|Any CPU = Debug|Any CPU
		Release|Any CPU = Release|Any CPU
	EndGlobalSection
	GlobalSection(ProjectConfigurationPlatforms) = postSolution
		{6B9B26F1-260E-4056-A23C-06CFC24278AD}.Debug|Any CPU.ActiveCfg = Debug|Any CPU
		{6B9B26F1-260E-4056-A23C-06CFC24278AD}.Debug|Any CPU.Build.0 = Debug|Any CPU
		{6B9B26F1-260E-4056-A23C-06CFC24278AD}.Release|Any CPU.ActiveCfg = Release|Any CPU
		{6B9B26F1-260E-4056-A23C-06CFC24278AD}.Release|Any CPU.Build.0 = Release|Any CPU
	EndGlobalSection
	GlobalSection(SolutionProperties) = preSolution
		HideSolutionNode = FALSE
	EndGlobalSection
	GlobalSection(ExtensibilityGlobals) = postSolution
		SolutionGuid = {B8E3B42B-3B8D-4289-B56E-96738491AEC2}
	EndGlobalSection
EndGlobal
